{
  "name": "test",
  "version": "0.0.0",
  "lockfileVersion": 2,
  "requires": true,
  "packages": {
    "": {
      "name": "test",
      "version": "0.0.0",
      "license": "ISC",
      "dependencies": {
        "athlete-calculations": "^1.0.0"
      }
    },
    "../package": {
      "name": "athlete-calculations",
      "version": "1.0.0",
      "license": "MIT"
    },
    "node_modules/athlete-calculations": {
      "resolved": "../package",
      "link": true
    }
  },
  "dependencies": {
    "athlete-calculations": {
      "version": "file:../package"
    }
  }
}
